
Microsoft Visual Studio Solution File, Format Version 12.00
# Visual Studio 15
VisualStudioVersion = 15.0.27428.2037
MinimumVisualStudioVersion = 10.0.40219.1
Project("{FAE04EC0-301F-11D3-BF4B-00C04F79EFBC}") = "NudelClient", "NudelClient\NudelClient.csproj", "{2201E7D5-0AF2-4223-B7CF-90AD056CC129}"
EndProject
Project("{FAE04EC0-301F-11D3-BF4B-00C04F79EFBC}") = "NudelBackend", "NudelBackend\NudelBackend.csproj", "{BF798A6A-45DF-46CB-B483-681CABBC4D73}"
EndProject
Project("{FAE04EC0-301F-11D3-BF4B-00C04F79EFBC}") = "NudelNetworking", "NudelNetworking\NudelNetworking.csproj", "{0DF5A56B-3E63-4FF7-8408-0FAD86170A0B}"
EndProject
Project("{FAE04EC0-301F-11D3-BF4B-00C04F79EFBC}") = "NudelBusinessObjects", "NudelBusinessObjects\NudelBusinessObjects.csproj", "{0D30976C-20CD-4555-8B03-C117A97B79D1}"
EndProject
Global
	GlobalSection(SolutionConfigurationPlatforms) = preSolution
		Debug|Any CPU = Debug|Any CPU
		Release|Any CPU = Release|Any CPU
	EndGlobalSection
	GlobalSection(ProjectConfigurationPlatforms) = postSolution
		{2201E7D5-0AF2-4223-B7CF-90AD056CC129}.Debug|Any CPU.ActiveCfg = Debug|Any CPU
		{2201E7D5-0AF2-4223-B7CF-90AD056CC129}.Debug|Any CPU.Build.0 = Debug|Any CPU
		{2201E7D5-0AF2-4223-B7CF-90AD056CC129}.Release|Any CPU.ActiveCfg = Release|Any CPU
		{2201E7D5-0AF2-4223-B7CF-90AD056CC129}.Release|Any CPU.Build.0 = Release|Any CPU
		{BF798A6A-45DF-46CB-B483-681CABBC4D73}.Debug|Any CPU.ActiveCfg = Debug|Any CPU
		{BF798A6A-45DF-46CB-B483-681CABBC4D73}.Debug|Any CPU.Build.0 = Debug|Any CPU
		{BF798A6A-45DF-46CB-B483-681CABBC4D73}.Release|Any CPU.ActiveCfg = Release|Any CPU
		{BF798A6A-45DF-46CB-B483-681CABBC4D73}.Release|Any CPU.Build.0 = Release|Any CPU
		{0DF5A56B-3E63-4FF7-8408-0FAD86170A0B}.Debug|Any CPU.ActiveCfg = Debug|Any CPU
		{0DF5A56B-3E63-4FF7-8408-0FAD86170A0B}.Debug|Any CPU.Build.0 = Debug|Any CPU
		{0DF5A56B-3E63-4FF7-8408-0FAD86170A0B}.Release|Any CPU.ActiveCfg = Release|Any CPU
		{0DF5A56B-3E63-4FF7-8408-0FAD86170A0B}.Release|Any CPU.Build.0 = Release|Any CPU
		{0D30976C-20CD-4555-8B03-C117A97B79D1}.Debug|Any CPU.ActiveCfg = Debug|Any CPU
		{0D30976C-20CD-4555-8B03-C117A97B79D1}.Debug|Any CPU.Build.0 = Debug|Any CPU
		{0D30976C-20CD-4555-8B03-C117A97B79D1}.Release|Any CPU.ActiveCfg = Release|Any CPU
		{0D30976C-20CD-4555-8B03-C117A97B79D1}.Release|Any CPU.Build.0 = Release|Any CPU
	EndGlobalSection
	GlobalSection(SolutionProperties) = preSolution
		HideSolutionNode = FALSE
	EndGlobalSection
	GlobalSection(ExtensibilityGlobals) = postSolution
		SolutionGuid = {709911E7-6E3C-4282-B0F9-908BBEC81677}
	EndGlobalSection
EndGlobal
