
Microsoft Visual Studio Solution File, Format Version 12.00
# Visual Studio 15
VisualStudioVersion = 15.0.27428.2037
MinimumVisualStudioVersion = 10.0.40219.1
Project("{FAE04EC0-301F-11D3-BF4B-00C04F79EFBC}") = "NudelClient", "NudelClient\NudelClient.csproj", "{2201E7D5-0AF2-4223-B7CF-90AD056CC129}"
EndProject
Project("{FAE04EC0-301F-11D3-BF4B-00C04F79EFBC}") = "NudelBackend", "NudelBackend\NudelBackend.csproj", "{BF798A6A-45DF-46CB-B483-681CABBC4D73}"
EndProject
Project("{9A19103F-16F7-4668-BE54-9A1E7A4F7556}") = "NudelNetworking", "NudelNetworking\NudelNetworking.csproj", "{0DF5A56B-3E63-4FF7-8408-0FAD86170A0B}"
EndProject
Project("{FAE04EC0-301F-11D3-BF4B-00C04F79EFBC}") = "NudelBackendTest", "NudelBackendTest\NudelBackendTest.csproj", "{1D9DAD81-1F9D-4E1E-9F84-397EBCD0E584}"
EndProject
Project("{FAE04EC0-301F-11D3-BF4B-00C04F79EFBC}") = "NudelClientTest", "NudelClientTest\NudelClientTest.csproj", "{9B842711-2CAF-40A4-B7A0-B5E8B6FEF4D4}"
EndProject
Project("{2150E333-8FDC-42A3-9474-1A3956D46DE8}") = "Tests", "Tests", "{07813DB6-74D0-48C1-97FA-DCDC38B6DF0C}"
EndProject
Project("{2150E333-8FDC-42A3-9474-1A3956D46DE8}") = "Libraries", "Libraries", "{C221C14B-8481-4D1C-952B-110D05C10F8E}"
EndProject
Project("{2150E333-8FDC-42A3-9474-1A3956D46DE8}") = "Applications", "Applications", "{C0DE9441-F14B-4620-8E94-B8605EAC4962}"
EndProject
Project("{9A19103F-16F7-4668-BE54-9A1E7A4F7556}") = "JustConnect", "JustConnect\JustConnect.csproj", "{E5380DCD-CA8D-4AB4-8CC2-68B6450C560D}"
EndProject
Project("{FAE04EC0-301F-11D3-BF4B-00C04F79EFBC}") = "NudelBusinessObjects", "NudelBusinessObjects\NudelBusinessObjects.csproj", "{7B35E02F-7AD7-4CDD-8C37-A9FCC4BE4386}"
EndProject
Global
	GlobalSection(SolutionConfigurationPlatforms) = preSolution
		Debug|Any CPU = Debug|Any CPU
		Release|Any CPU = Release|Any CPU
	EndGlobalSection
	GlobalSection(ProjectConfigurationPlatforms) = postSolution
		{2201E7D5-0AF2-4223-B7CF-90AD056CC129}.Debug|Any CPU.ActiveCfg = Debug|Any CPU
		{2201E7D5-0AF2-4223-B7CF-90AD056CC129}.Debug|Any CPU.Build.0 = Debug|Any CPU
		{2201E7D5-0AF2-4223-B7CF-90AD056CC129}.Release|Any CPU.ActiveCfg = Release|Any CPU
		{2201E7D5-0AF2-4223-B7CF-90AD056CC129}.Release|Any CPU.Build.0 = Release|Any CPU
		{BF798A6A-45DF-46CB-B483-681CABBC4D73}.Debug|Any CPU.ActiveCfg = Debug|Any CPU
		{BF798A6A-45DF-46CB-B483-681CABBC4D73}.Debug|Any CPU.Build.0 = Debug|Any CPU
		{BF798A6A-45DF-46CB-B483-681CABBC4D73}.Release|Any CPU.ActiveCfg = Release|Any CPU
		{BF798A6A-45DF-46CB-B483-681CABBC4D73}.Release|Any CPU.Build.0 = Release|Any CPU
		{0DF5A56B-3E63-4FF7-8408-0FAD86170A0B}.Debug|Any CPU.ActiveCfg = Debug|Any CPU
		{0DF5A56B-3E63-4FF7-8408-0FAD86170A0B}.Debug|Any CPU.Build.0 = Debug|Any CPU
		{0DF5A56B-3E63-4FF7-8408-0FAD86170A0B}.Release|Any CPU.ActiveCfg = Release|Any CPU
		{0DF5A56B-3E63-4FF7-8408-0FAD86170A0B}.Release|Any CPU.Build.0 = Release|Any CPU
		{1D9DAD81-1F9D-4E1E-9F84-397EBCD0E584}.Debug|Any CPU.ActiveCfg = Debug|Any CPU
		{1D9DAD81-1F9D-4E1E-9F84-397EBCD0E584}.Debug|Any CPU.Build.0 = Debug|Any CPU
		{1D9DAD81-1F9D-4E1E-9F84-397EBCD0E584}.Release|Any CPU.ActiveCfg = Release|Any CPU
		{1D9DAD81-1F9D-4E1E-9F84-397EBCD0E584}.Release|Any CPU.Build.0 = Release|Any CPU
		{9B842711-2CAF-40A4-B7A0-B5E8B6FEF4D4}.Debug|Any CPU.ActiveCfg = Debug|Any CPU
		{9B842711-2CAF-40A4-B7A0-B5E8B6FEF4D4}.Debug|Any CPU.Build.0 = Debug|Any CPU
		{9B842711-2CAF-40A4-B7A0-B5E8B6FEF4D4}.Release|Any CPU.ActiveCfg = Release|Any CPU
		{9B842711-2CAF-40A4-B7A0-B5E8B6FEF4D4}.Release|Any CPU.Build.0 = Release|Any CPU
		{E5380DCD-CA8D-4AB4-8CC2-68B6450C560D}.Debug|Any CPU.ActiveCfg = Debug|Any CPU
		{E5380DCD-CA8D-4AB4-8CC2-68B6450C560D}.Debug|Any CPU.Build.0 = Debug|Any CPU
		{E5380DCD-CA8D-4AB4-8CC2-68B6450C560D}.Release|Any CPU.ActiveCfg = Release|Any CPU
		{E5380DCD-CA8D-4AB4-8CC2-68B6450C560D}.Release|Any CPU.Build.0 = Release|Any CPU
		{7B35E02F-7AD7-4CDD-8C37-A9FCC4BE4386}.Debug|Any CPU.ActiveCfg = Debug|Any CPU
		{7B35E02F-7AD7-4CDD-8C37-A9FCC4BE4386}.Debug|Any CPU.Build.0 = Debug|Any CPU
		{7B35E02F-7AD7-4CDD-8C37-A9FCC4BE4386}.Release|Any CPU.ActiveCfg = Release|Any CPU
		{7B35E02F-7AD7-4CDD-8C37-A9FCC4BE4386}.Release|Any CPU.Build.0 = Release|Any CPU
	EndGlobalSection
	GlobalSection(SolutionProperties) = preSolution
		HideSolutionNode = FALSE
	EndGlobalSection
	GlobalSection(NestedProjects) = preSolution
		{2201E7D5-0AF2-4223-B7CF-90AD056CC129} = {C0DE9441-F14B-4620-8E94-B8605EAC4962}
		{BF798A6A-45DF-46CB-B483-681CABBC4D73} = {C0DE9441-F14B-4620-8E94-B8605EAC4962}
		{0DF5A56B-3E63-4FF7-8408-0FAD86170A0B} = {C221C14B-8481-4D1C-952B-110D05C10F8E}
		{1D9DAD81-1F9D-4E1E-9F84-397EBCD0E584} = {07813DB6-74D0-48C1-97FA-DCDC38B6DF0C}
		{9B842711-2CAF-40A4-B7A0-B5E8B6FEF4D4} = {07813DB6-74D0-48C1-97FA-DCDC38B6DF0C}
		{E5380DCD-CA8D-4AB4-8CC2-68B6450C560D} = {C221C14B-8481-4D1C-952B-110D05C10F8E}
		{7B35E02F-7AD7-4CDD-8C37-A9FCC4BE4386} = {C221C14B-8481-4D1C-952B-110D05C10F8E}
	EndGlobalSection
	GlobalSection(ExtensibilityGlobals) = postSolution
		SolutionGuid = {709911E7-6E3C-4282-B0F9-908BBEC81677}
	EndGlobalSection
EndGlobal
